
Microsoft Visual Studio Solution File, Format Version 12.00
# Visual Studio 15
VisualStudioVersion = 15.0.28307.106
MinimumVisualStudioVersion = 10.0.40219.1
Project("{9A19103F-16F7-4668-BE54-9A1E7A4F7556}") = "Shop.Web", "src\presentation\Shop.Web\Shop.Web.csproj", "{DDF990D7-8B2E-4714-AA6D-C1A6FC2BBD05}"
EndProject
Project("{2150E333-8FDC-42A3-9474-1A3956D46DE8}") = "src", "src", "{C3C99CA2-9E4D-4022-8E43-547D9919A9C0}"
EndProject
Project("{2150E333-8FDC-42A3-9474-1A3956D46DE8}") = "presentation", "presentation", "{D2A1F132-6559-43F5-99CE-3A2F047EF66F}"
EndProject
Project("{2150E333-8FDC-42A3-9474-1A3956D46DE8}") = "core", "core", "{DFDE976C-A64B-41CB-A8FF-5CBEDCA0ECD5}"
EndProject
Project("{2150E333-8FDC-42A3-9474-1A3956D46DE8}") = "infrastructure", "infrastructure", "{737CCD6A-C8B0-43CA-B8B6-F1C8097F2E68}"
EndProject
Project("{2150E333-8FDC-42A3-9474-1A3956D46DE8}") = "tests", "tests", "{66382EA9-EC5C-4731-99AD-86D44252155F}"
EndProject
Project("{2150E333-8FDC-42A3-9474-1A3956D46DE8}") = "core", "core", "{0977DC96-53A6-4E44-B0F3-7770475D6A0D}"
EndProject
Project("{9A19103F-16F7-4668-BE54-9A1E7A4F7556}") = "Domain", "src\core\Domain\Domain.csproj", "{EF1E460C-17EB-49FE-AF7A-31B03DA05E08}"
EndProject
Project("{9A19103F-16F7-4668-BE54-9A1E7A4F7556}") = "DataAccess", "src\infrastructure\DataAccess\DataAccess.csproj", "{1F9E1A22-22E6-4E05-9EA1-270124424DB7}"
EndProject
Project("{9A19103F-16F7-4668-BE54-9A1E7A4F7556}") = "Services", "src\core\Services\Services.csproj", "{DA7FFEAA-1AAB-4268-8F46-C62A1FEE48DC}"
EndProject
Project("{9A19103F-16F7-4668-BE54-9A1E7A4F7556}") = "Utils", "src\infrastructure\Utils\Utils.csproj", "{9D47E739-D73A-4639-B8B4-7C786453D3EF}"
EndProject
Project("{FAE04EC0-301F-11D3-BF4B-00C04F79EFBC}") = "Client", "src\presentation\Client\Client.csproj", "{B9EF16E4-932F-45BB-A90F-5FC01ADEA78D}"
EndProject
Project("{FAE04EC0-301F-11D3-BF4B-00C04F79EFBC}") = "Services.Tests", "tests\core\Services.Tests\Services.Tests.csproj", "{7E60F9EB-AEAD-4123-81E1-41278F7F9BA2}"
EndProject
Project("{2150E333-8FDC-42A3-9474-1A3956D46DE8}") = "presentation", "presentation", "{038D9087-033A-4FB8-888C-6FDFD5ACE50C}"
EndProject
Project("{FAE04EC0-301F-11D3-BF4B-00C04F79EFBC}") = "Client.Tests", "tests\presentation\Client.Tests\Client.Tests.csproj", "{907524A3-6F63-416D-8F4B-4FD510284E53}"
EndProject
Project("{FAE04EC0-301F-11D3-BF4B-00C04F79EFBC}") = "Web.Tests", "tests\presentation\Web.Tests\Web.Tests.csproj", "{3F5F6110-47A8-4709-A141-00790F7AEAD6}"
EndProject
Global
	GlobalSection(SolutionConfigurationPlatforms) = preSolution
		Debug|Any CPU = Debug|Any CPU
		Release|Any CPU = Release|Any CPU
	EndGlobalSection
	GlobalSection(ProjectConfigurationPlatforms) = postSolution
		{DDF990D7-8B2E-4714-AA6D-C1A6FC2BBD05}.Debug|Any CPU.ActiveCfg = Debug|Any CPU
		{DDF990D7-8B2E-4714-AA6D-C1A6FC2BBD05}.Debug|Any CPU.Build.0 = Debug|Any CPU
		{DDF990D7-8B2E-4714-AA6D-C1A6FC2BBD05}.Release|Any CPU.ActiveCfg = Release|Any CPU
		{DDF990D7-8B2E-4714-AA6D-C1A6FC2BBD05}.Release|Any CPU.Build.0 = Release|Any CPU
		{EF1E460C-17EB-49FE-AF7A-31B03DA05E08}.Debug|Any CPU.ActiveCfg = Debug|Any CPU
		{EF1E460C-17EB-49FE-AF7A-31B03DA05E08}.Debug|Any CPU.Build.0 = Debug|Any CPU
		{EF1E460C-17EB-49FE-AF7A-31B03DA05E08}.Release|Any CPU.ActiveCfg = Release|Any CPU
		{EF1E460C-17EB-49FE-AF7A-31B03DA05E08}.Release|Any CPU.Build.0 = Release|Any CPU
		{1F9E1A22-22E6-4E05-9EA1-270124424DB7}.Debug|Any CPU.ActiveCfg = Debug|Any CPU
		{1F9E1A22-22E6-4E05-9EA1-270124424DB7}.Debug|Any CPU.Build.0 = Debug|Any CPU
		{1F9E1A22-22E6-4E05-9EA1-270124424DB7}.Release|Any CPU.ActiveCfg = Release|Any CPU
		{1F9E1A22-22E6-4E05-9EA1-270124424DB7}.Release|Any CPU.Build.0 = Release|Any CPU
		{DA7FFEAA-1AAB-4268-8F46-C62A1FEE48DC}.Debug|Any CPU.ActiveCfg = Debug|Any CPU
		{DA7FFEAA-1AAB-4268-8F46-C62A1FEE48DC}.Debug|Any CPU.Build.0 = Debug|Any CPU
		{DA7FFEAA-1AAB-4268-8F46-C62A1FEE48DC}.Release|Any CPU.ActiveCfg = Release|Any CPU
		{DA7FFEAA-1AAB-4268-8F46-C62A1FEE48DC}.Release|Any CPU.Build.0 = Release|Any CPU
		{9D47E739-D73A-4639-B8B4-7C786453D3EF}.Debug|Any CPU.ActiveCfg = Debug|Any CPU
		{9D47E739-D73A-4639-B8B4-7C786453D3EF}.Debug|Any CPU.Build.0 = Debug|Any CPU
		{9D47E739-D73A-4639-B8B4-7C786453D3EF}.Release|Any CPU.ActiveCfg = Release|Any CPU
		{9D47E739-D73A-4639-B8B4-7C786453D3EF}.Release|Any CPU.Build.0 = Release|Any CPU
		{B9EF16E4-932F-45BB-A90F-5FC01ADEA78D}.Debug|Any CPU.ActiveCfg = Debug|Any CPU
		{B9EF16E4-932F-45BB-A90F-5FC01ADEA78D}.Debug|Any CPU.Build.0 = Debug|Any CPU
		{B9EF16E4-932F-45BB-A90F-5FC01ADEA78D}.Release|Any CPU.ActiveCfg = Release|Any CPU
		{B9EF16E4-932F-45BB-A90F-5FC01ADEA78D}.Release|Any CPU.Build.0 = Release|Any CPU
		{7E60F9EB-AEAD-4123-81E1-41278F7F9BA2}.Debug|Any CPU.ActiveCfg = Debug|Any CPU
		{7E60F9EB-AEAD-4123-81E1-41278F7F9BA2}.Debug|Any CPU.Build.0 = Debug|Any CPU
		{7E60F9EB-AEAD-4123-81E1-41278F7F9BA2}.Release|Any CPU.ActiveCfg = Release|Any CPU
		{7E60F9EB-AEAD-4123-81E1-41278F7F9BA2}.Release|Any CPU.Build.0 = Release|Any CPU
		{907524A3-6F63-416D-8F4B-4FD510284E53}.Debug|Any CPU.ActiveCfg = Debug|Any CPU
		{907524A3-6F63-416D-8F4B-4FD510284E53}.Debug|Any CPU.Build.0 = Debug|Any CPU
		{907524A3-6F63-416D-8F4B-4FD510284E53}.Release|Any CPU.ActiveCfg = Release|Any CPU
		{907524A3-6F63-416D-8F4B-4FD510284E53}.Release|Any CPU.Build.0 = Release|Any CPU
		{3F5F6110-47A8-4709-A141-00790F7AEAD6}.Debug|Any CPU.ActiveCfg = Debug|Any CPU
		{3F5F6110-47A8-4709-A141-00790F7AEAD6}.Debug|Any CPU.Build.0 = Debug|Any CPU
		{3F5F6110-47A8-4709-A141-00790F7AEAD6}.Release|Any CPU.ActiveCfg = Release|Any CPU
		{3F5F6110-47A8-4709-A141-00790F7AEAD6}.Release|Any CPU.Build.0 = Release|Any CPU
	EndGlobalSection
	GlobalSection(SolutionProperties) = preSolution
		HideSolutionNode = FALSE
	EndGlobalSection
	GlobalSection(NestedProjects) = preSolution
		{DDF990D7-8B2E-4714-AA6D-C1A6FC2BBD05} = {D2A1F132-6559-43F5-99CE-3A2F047EF66F}
		{D2A1F132-6559-43F5-99CE-3A2F047EF66F} = {C3C99CA2-9E4D-4022-8E43-547D9919A9C0}
		{DFDE976C-A64B-41CB-A8FF-5CBEDCA0ECD5} = {C3C99CA2-9E4D-4022-8E43-547D9919A9C0}
		{737CCD6A-C8B0-43CA-B8B6-F1C8097F2E68} = {C3C99CA2-9E4D-4022-8E43-547D9919A9C0}
		{0977DC96-53A6-4E44-B0F3-7770475D6A0D} = {66382EA9-EC5C-4731-99AD-86D44252155F}
		{EF1E460C-17EB-49FE-AF7A-31B03DA05E08} = {DFDE976C-A64B-41CB-A8FF-5CBEDCA0ECD5}
		{1F9E1A22-22E6-4E05-9EA1-270124424DB7} = {737CCD6A-C8B0-43CA-B8B6-F1C8097F2E68}
		{DA7FFEAA-1AAB-4268-8F46-C62A1FEE48DC} = {DFDE976C-A64B-41CB-A8FF-5CBEDCA0ECD5}
		{9D47E739-D73A-4639-B8B4-7C786453D3EF} = {737CCD6A-C8B0-43CA-B8B6-F1C8097F2E68}
		{B9EF16E4-932F-45BB-A90F-5FC01ADEA78D} = {D2A1F132-6559-43F5-99CE-3A2F047EF66F}
		{7E60F9EB-AEAD-4123-81E1-41278F7F9BA2} = {0977DC96-53A6-4E44-B0F3-7770475D6A0D}
		{038D9087-033A-4FB8-888C-6FDFD5ACE50C} = {66382EA9-EC5C-4731-99AD-86D44252155F}
		{907524A3-6F63-416D-8F4B-4FD510284E53} = {038D9087-033A-4FB8-888C-6FDFD5ACE50C}
		{3F5F6110-47A8-4709-A141-00790F7AEAD6} = {038D9087-033A-4FB8-888C-6FDFD5ACE50C}
	EndGlobalSection
	GlobalSection(ExtensibilityGlobals) = postSolution
		SolutionGuid = {5B14ADF9-FCDA-4CDD-A03E-D3A3F9ABF13E}
	EndGlobalSection
EndGlobal
